
Microsoft Visual Studio Solution File, Format Version 12.00
# Visual Studio Version 17
VisualStudioVersion = 17.11.35219.272
MinimumVisualStudioVersion = 10.0.40219.1
Project("{FAE04EC0-301F-11D3-BF4B-00C04F79EFBC}") = "TP_Diploma_Pocztaruk", "TP_Diploma_Pocztaruk\TP_Diploma_Pocztaruk.csproj", "{D33F442F-4779-4141-B4D0-109A16B07E09}"
EndProject
Project("{FAE04EC0-301F-11D3-BF4B-00C04F79EFBC}") = "BE", "BE\BE.csproj", "{A9E7C9DA-1C22-496B-B629-16E19F0A244C}"
EndProject
Project("{FAE04EC0-301F-11D3-BF4B-00C04F79EFBC}") = "BLL", "BLL\BLL.csproj", "{0EB7F3DC-985C-4EF9-A691-E81CE91AC9EB}"
EndProject
Project("{FAE04EC0-301F-11D3-BF4B-00C04F79EFBC}") = "DAL", "DAL\DAL.csproj", "{27614C29-6C3A-4CC0-92FF-7B713A5C6C0B}"
EndProject
Project("{FAE04EC0-301F-11D3-BF4B-00C04F79EFBC}") = "Services", "Services\Services.csproj", "{49166565-A0F7-4EB9-8322-2BF890E41DDE}"
EndProject
Global
	GlobalSection(SolutionConfigurationPlatforms) = preSolution
		Debug|Any CPU = Debug|Any CPU
		Release|Any CPU = Release|Any CPU
	EndGlobalSection
	GlobalSection(ProjectConfigurationPlatforms) = postSolution
		{D33F442F-4779-4141-B4D0-109A16B07E09}.Debug|Any CPU.ActiveCfg = Debug|Any CPU
		{D33F442F-4779-4141-B4D0-109A16B07E09}.Debug|Any CPU.Build.0 = Debug|Any CPU
		{D33F442F-4779-4141-B4D0-109A16B07E09}.Release|Any CPU.ActiveCfg = Release|Any CPU
		{D33F442F-4779-4141-B4D0-109A16B07E09}.Release|Any CPU.Build.0 = Release|Any CPU
		{A9E7C9DA-1C22-496B-B629-16E19F0A244C}.Debug|Any CPU.ActiveCfg = Debug|Any CPU
		{A9E7C9DA-1C22-496B-B629-16E19F0A244C}.Debug|Any CPU.Build.0 = Debug|Any CPU
		{A9E7C9DA-1C22-496B-B629-16E19F0A244C}.Release|Any CPU.ActiveCfg = Release|Any CPU
		{A9E7C9DA-1C22-496B-B629-16E19F0A244C}.Release|Any CPU.Build.0 = Release|Any CPU
		{0EB7F3DC-985C-4EF9-A691-E81CE91AC9EB}.Debug|Any CPU.ActiveCfg = Debug|Any CPU
		{0EB7F3DC-985C-4EF9-A691-E81CE91AC9EB}.Debug|Any CPU.Build.0 = Debug|Any CPU
		{0EB7F3DC-985C-4EF9-A691-E81CE91AC9EB}.Release|Any CPU.ActiveCfg = Release|Any CPU
		{0EB7F3DC-985C-4EF9-A691-E81CE91AC9EB}.Release|Any CPU.Build.0 = Release|Any CPU
		{27614C29-6C3A-4CC0-92FF-7B713A5C6C0B}.Debug|Any CPU.ActiveCfg = Debug|Any CPU
		{27614C29-6C3A-4CC0-92FF-7B713A5C6C0B}.Debug|Any CPU.Build.0 = Debug|Any CPU
		{27614C29-6C3A-4CC0-92FF-7B713A5C6C0B}.Release|Any CPU.ActiveCfg = Release|Any CPU
		{27614C29-6C3A-4CC0-92FF-7B713A5C6C0B}.Release|Any CPU.Build.0 = Release|Any CPU
		{49166565-A0F7-4EB9-8322-2BF890E41DDE}.Debug|Any CPU.ActiveCfg = Debug|Any CPU
		{49166565-A0F7-4EB9-8322-2BF890E41DDE}.Debug|Any CPU.Build.0 = Debug|Any CPU
		{49166565-A0F7-4EB9-8322-2BF890E41DDE}.Release|Any CPU.ActiveCfg = Release|Any CPU
		{49166565-A0F7-4EB9-8322-2BF890E41DDE}.Release|Any CPU.Build.0 = Release|Any CPU
	EndGlobalSection
	GlobalSection(SolutionProperties) = preSolution
		HideSolutionNode = FALSE
	EndGlobalSection
	GlobalSection(ExtensibilityGlobals) = postSolution
		SolutionGuid = {579F2B68-5DB5-4E01-9FD2-EB67C0035620}
	EndGlobalSection
EndGlobal
